
Microsoft Visual Studio Solution File, Format Version 12.00
# Visual Studio Version 17
VisualStudioVersion = 17.14.36301.6
MinimumVisualStudioVersion = 10.0.40219.1
Project("{2150E333-8FDC-42A3-9474-1A3956D46DE8}") = "Task0", "Task0", "{02EA681E-C7D8-13C7-8484-4AC65E1B71E8}"
EndProject
Project("{FAE04EC0-301F-11D3-BF4B-00C04F79EFBC}") = "Tyuiu.PolyakovaAS.Sprint4.Task0.V9", "Tyuiu.PolyakovaAS.Sprint4.Task0.V9\Tyuiu.PolyakovaAS.Sprint4.Task0.V9.csproj", "{5B897DF9-AF47-4560-8330-10382ECC52D5}"
EndProject
Project("{FAE04EC0-301F-11D3-BF4B-00C04F79EFBC}") = "Tyuiu.PolyakovaAS.Sprint4.Task0.V9.Lib", "Tyuiu.PolyakovaAS.Sprint4.Task0.V9.Lib\Tyuiu.PolyakovaAS.Sprint4.Task0.V9.Lib.csproj", "{93E40236-0281-451B-BDCD-7C02A4A5B6B9}"
EndProject
Project("{FAE04EC0-301F-11D3-BF4B-00C04F79EFBC}") = "Tyuiu.PolyakovaAS.Sprint4.Task0.V9.Test", "Tyuiu.PolyakovaAS.Sprint4.Task0.V9.Test\Tyuiu.PolyakovaAS.Sprint4.Task0.V9.Test.csproj", "{D68ED1E4-F25A-4B6B-B163-0BAF42BC4C03}"
EndProject
Project("{2150E333-8FDC-42A3-9474-1A3956D46DE8}") = "Task1", "Task1", "{96882270-9A56-4A9E-AF41-BEA41C650F6E}"
EndProject
Project("{FAE04EC0-301F-11D3-BF4B-00C04F79EFBC}") = "Tyuiu.PolyakovaAS.Sprint4.Task1.V1", "Tyuiu.PolyakovaAS.Sprint4.Task1.V1\Tyuiu.PolyakovaAS.Sprint4.Task1.V1.csproj", "{EBBF21DB-A28B-4035-BD37-8F822651DAD1}"
EndProject
Project("{FAE04EC0-301F-11D3-BF4B-00C04F79EFBC}") = "Tyuiu.PolyakovaAS.Sprint4.Task1.V1.Lib", "Tyuiu.PolyakovaAS.Sprint4.Task1.V1.Lib\Tyuiu.PolyakovaAS.Sprint4.Task1.V1.Lib.csproj", "{3DAF4ED7-69AA-46FA-ABB9-82B39270B947}"
EndProject
Project("{FAE04EC0-301F-11D3-BF4B-00C04F79EFBC}") = "Tyuiu.PolyakovaAS.Sprint4.Task1.V1.Test", "Tyuiu.PolyakovaAS.Sprint4.Task1.V1.Test\Tyuiu.PolyakovaAS.Sprint4.Task1.V1.Test.csproj", "{404D19F2-932D-4F4E-9193-2CC82CBD375F}"
EndProject
Project("{2150E333-8FDC-42A3-9474-1A3956D46DE8}") = "Task2", "Task2", "{0FC5BA00-99CB-4E3C-A186-C82092EFD2FA}"
EndProject
Project("{FAE04EC0-301F-11D3-BF4B-00C04F79EFBC}") = "Tyuiu.PolyakovaAS.Sprint4.Task2.V25", "Tyuiu.PolyakovaAS.Sprint4.Task2.V25\Tyuiu.PolyakovaAS.Sprint4.Task2.V25.csproj", "{0DEA169A-3763-470C-B27E-38E6B8BFC976}"
EndProject
Project("{FAE04EC0-301F-11D3-BF4B-00C04F79EFBC}") = "Tyuiu.PolyakovaAS.Sprint4.Task2.V25.Lib", "Tyuiu.PolyakovaAS.Sprint4.Task2.V25.Lib\Tyuiu.PolyakovaAS.Sprint4.Task2.V25.Lib.csproj", "{2D1621CE-58AF-4051-BE25-15BED4951148}"
EndProject
Project("{FAE04EC0-301F-11D3-BF4B-00C04F79EFBC}") = "Tyuiu.PolyakovaAS.Sprint4.Task2.V25.Test", "Tyuiu.PolyakovaAS.Sprint4.Task2.V25.Test\Tyuiu.PolyakovaAS.Sprint4.Task2.V25.Test.csproj", "{7685BDB1-51FD-47A2-9110-DD1A1527E49E}"
EndProject
Project("{2150E333-8FDC-42A3-9474-1A3956D46DE8}") = "Task3", "Task3", "{B04A1219-19E8-4C64-BA53-9FAC72EDB313}"
EndProject
Project("{FAE04EC0-301F-11D3-BF4B-00C04F79EFBC}") = "Tyuiu.PolyakovaAS.Sprint4.Task3.V14", "Tyuiu.PolyakovaAS.Sprint4.Task3.V14\Tyuiu.PolyakovaAS.Sprint4.Task3.V14.csproj", "{F8979668-7086-44BA-86DC-27841458C3FA}"
EndProject
Project("{FAE04EC0-301F-11D3-BF4B-00C04F79EFBC}") = "Tyuiu.PolyakovaAS.Sprint4.Task3.V14.Lib", "Tyuiu.PolyakovaAS.Sprint4.Task3.V14.Lib\Tyuiu.PolyakovaAS.Sprint4.Task3.V14.Lib.csproj", "{7998BF43-69F0-44D9-8721-0B6F08AC36C6}"
EndProject
Project("{FAE04EC0-301F-11D3-BF4B-00C04F79EFBC}") = "Tyuiu.PolyakovaAS.Sprint4.Task3.V14.Test", "Tyuiu.PolyakovaAS.Sprint4.Task3.V14.Test\Tyuiu.PolyakovaAS.Sprint4.Task3.V14.Test.csproj", "{C59B179B-5B6D-4A4D-B10E-6681BC2B8DFC}"
EndProject
Project("{2150E333-8FDC-42A3-9474-1A3956D46DE8}") = "Task4", "Task4", "{83C8CFB9-A9CB-439A-8BE7-3DFD269051D8}"
EndProject
Project("{FAE04EC0-301F-11D3-BF4B-00C04F79EFBC}") = "Tyuiu.PolyakovaAS.Sprint4.Task4.V20", "Tyuiu.PolyakovaAS.Sprint4.Task4.V20\Tyuiu.PolyakovaAS.Sprint4.Task4.V20.csproj", "{A431D676-E9DE-4D31-88ED-CFF53F8402E2}"
EndProject
Project("{FAE04EC0-301F-11D3-BF4B-00C04F79EFBC}") = "Tyuiu.PolyakovaAS.Sprint4.Task4.V20.Lib", "Tyuiu.PolyakovaAS.Sprint4.Task4.V20.Lib\Tyuiu.PolyakovaAS.Sprint4.Task4.V20.Lib.csproj", "{41EFEB0E-14E1-436B-8160-AC679048F0C5}"
EndProject
Project("{FAE04EC0-301F-11D3-BF4B-00C04F79EFBC}") = "Tyuiu.PolyakovaAS.Sprint4.Task4.V20.Test", "Tyuiu.PolyakovaAS.Sprint4.Task4.V20.Test\Tyuiu.PolyakovaAS.Sprint4.Task4.V20.Test.csproj", "{2E0CB66C-72DD-40C1-8DD1-0CAF9C73DBAA}"
EndProject
Project("{2150E333-8FDC-42A3-9474-1A3956D46DE8}") = "Task5", "Task5", "{1F928340-240C-424F-A7C9-77321AA38B83}"
EndProject
Project("{FAE04EC0-301F-11D3-BF4B-00C04F79EFBC}") = "Tyuiu.PolyakovaAS.Sprint4.Task5.V26", "Tyuiu.PolyakovaAS.Sprint4.Task5.V26\Tyuiu.PolyakovaAS.Sprint4.Task5.V26.csproj", "{143D41B9-0EA2-40C5-813C-978DA6A2579D}"
EndProject
Project("{FAE04EC0-301F-11D3-BF4B-00C04F79EFBC}") = "Tyuiu.PolyakovaAS.Sprint4.Task5.V26.Lib", "Tyuiu.PolyakovaAS.Sprint4.Task5.V26.Lib\Tyuiu.PolyakovaAS.Sprint4.Task5.V26.Lib.csproj", "{F0AE737F-F4C1-4732-B402-FE32D3C4650B}"
EndProject
Project("{FAE04EC0-301F-11D3-BF4B-00C04F79EFBC}") = "Tyuiu.PolyakovaAS.Sprint4.Task5.V26.Test", "Tyuiu.PolyakovaAS.Sprint4.Task5.V26.Test\Tyuiu.PolyakovaAS.Sprint4.Task5.V26.Test.csproj", "{43B3AE95-CF8D-4DF9-9CB1-A408E2027106}"
EndProject
Project("{2150E333-8FDC-42A3-9474-1A3956D46DE8}") = "Task6", "Task6", "{9488D3A2-AAB6-408C-B431-5D33DDB98AD8}"
EndProject
Project("{FAE04EC0-301F-11D3-BF4B-00C04F79EFBC}") = "Tyuiu.PolyakovaAS.Sprint4.Task6.V12", "Tyuiu.PolyakovaAS.Sprint4.Task6.V12\Tyuiu.PolyakovaAS.Sprint4.Task6.V12.csproj", "{0A1AACB2-0128-4FA7-B1CD-3AFA38761289}"
EndProject
Project("{FAE04EC0-301F-11D3-BF4B-00C04F79EFBC}") = "Tyuiu.PolyakovaAS.Sprint4.Task6.V12.Lib", "Tyuiu.PolyakovaAS.Sprint4.Task6.V12.Lib\Tyuiu.PolyakovaAS.Sprint4.Task6.V12.Lib.csproj", "{6D40D5D8-7185-4847-893F-6632E2CA1F37}"
EndProject
Project("{FAE04EC0-301F-11D3-BF4B-00C04F79EFBC}") = "Tyuiu.PolyakovaAS.Sprint4.Task6.V12.Test", "Tyuiu.PolyakovaAS.Sprint4.Task6.V12.Test\Tyuiu.PolyakovaAS.Sprint4.Task6.V12.Test.csproj", "{8A507446-FC81-48D9-BEED-3009816CF1C5}"
EndProject
Global
	GlobalSection(SolutionConfigurationPlatforms) = preSolution
		Debug|Any CPU = Debug|Any CPU
		Release|Any CPU = Release|Any CPU
	EndGlobalSection
	GlobalSection(ProjectConfigurationPlatforms) = postSolution
		{5B897DF9-AF47-4560-8330-10382ECC52D5}.Debug|Any CPU.ActiveCfg = Debug|Any CPU
		{5B897DF9-AF47-4560-8330-10382ECC52D5}.Debug|Any CPU.Build.0 = Debug|Any CPU
		{5B897DF9-AF47-4560-8330-10382ECC52D5}.Release|Any CPU.ActiveCfg = Release|Any CPU
		{5B897DF9-AF47-4560-8330-10382ECC52D5}.Release|Any CPU.Build.0 = Release|Any CPU
		{93E40236-0281-451B-BDCD-7C02A4A5B6B9}.Debug|Any CPU.ActiveCfg = Debug|Any CPU
		{93E40236-0281-451B-BDCD-7C02A4A5B6B9}.Debug|Any CPU.Build.0 = Debug|Any CPU
		{93E40236-0281-451B-BDCD-7C02A4A5B6B9}.Release|Any CPU.ActiveCfg = Release|Any CPU
		{93E40236-0281-451B-BDCD-7C02A4A5B6B9}.Release|Any CPU.Build.0 = Release|Any CPU
		{D68ED1E4-F25A-4B6B-B163-0BAF42BC4C03}.Debug|Any CPU.ActiveCfg = Debug|Any CPU
		{D68ED1E4-F25A-4B6B-B163-0BAF42BC4C03}.Debug|Any CPU.Build.0 = Debug|Any CPU
		{D68ED1E4-F25A-4B6B-B163-0BAF42BC4C03}.Release|Any CPU.ActiveCfg = Release|Any CPU
		{D68ED1E4-F25A-4B6B-B163-0BAF42BC4C03}.Release|Any CPU.Build.0 = Release|Any CPU
		{EBBF21DB-A28B-4035-BD37-8F822651DAD1}.Debug|Any CPU.ActiveCfg = Debug|Any CPU
		{EBBF21DB-A28B-4035-BD37-8F822651DAD1}.Debug|Any CPU.Build.0 = Debug|Any CPU
		{EBBF21DB-A28B-4035-BD37-8F822651DAD1}.Release|Any CPU.ActiveCfg = Release|Any CPU
		{EBBF21DB-A28B-4035-BD37-8F822651DAD1}.Release|Any CPU.Build.0 = Release|Any CPU
		{3DAF4ED7-69AA-46FA-ABB9-82B39270B947}.Debug|Any CPU.ActiveCfg = Debug|Any CPU
		{3DAF4ED7-69AA-46FA-ABB9-82B39270B947}.Debug|Any CPU.Build.0 = Debug|Any CPU
		{3DAF4ED7-69AA-46FA-ABB9-82B39270B947}.Release|Any CPU.ActiveCfg = Release|Any CPU
		{3DAF4ED7-69AA-46FA-ABB9-82B39270B947}.Release|Any CPU.Build.0 = Release|Any CPU
		{404D19F2-932D-4F4E-9193-2CC82CBD375F}.Debug|Any CPU.ActiveCfg = Debug|Any CPU
		{404D19F2-932D-4F4E-9193-2CC82CBD375F}.Debug|Any CPU.Build.0 = Debug|Any CPU
		{404D19F2-932D-4F4E-9193-2CC82CBD375F}.Release|Any CPU.ActiveCfg = Release|Any CPU
		{404D19F2-932D-4F4E-9193-2CC82CBD375F}.Release|Any CPU.Build.0 = Release|Any CPU
		{0DEA169A-3763-470C-B27E-38E6B8BFC976}.Debug|Any CPU.ActiveCfg = Debug|Any CPU
		{0DEA169A-3763-470C-B27E-38E6B8BFC976}.Debug|Any CPU.Build.0 = Debug|Any CPU
		{0DEA169A-3763-470C-B27E-38E6B8BFC976}.Release|Any CPU.ActiveCfg = Release|Any CPU
		{0DEA169A-3763-470C-B27E-38E6B8BFC976}.Release|Any CPU.Build.0 = Release|Any CPU
		{2D1621CE-58AF-4051-BE25-15BED4951148}.Debug|Any CPU.ActiveCfg = Debug|Any CPU
		{2D1621CE-58AF-4051-BE25-15BED4951148}.Debug|Any CPU.Build.0 = Debug|Any CPU
		{2D1621CE-58AF-4051-BE25-15BED4951148}.Release|Any CPU.ActiveCfg = Release|Any CPU
		{2D1621CE-58AF-4051-BE25-15BED4951148}.Release|Any CPU.Build.0 = Release|Any CPU
		{7685BDB1-51FD-47A2-9110-DD1A1527E49E}.Debug|Any CPU.ActiveCfg = Debug|Any CPU
		{7685BDB1-51FD-47A2-9110-DD1A1527E49E}.Debug|Any CPU.Build.0 = Debug|Any CPU
		{7685BDB1-51FD-47A2-9110-DD1A1527E49E}.Release|Any CPU.ActiveCfg = Release|Any CPU
		{7685BDB1-51FD-47A2-9110-DD1A1527E49E}.Release|Any CPU.Build.0 = Release|Any CPU
		{F8979668-7086-44BA-86DC-27841458C3FA}.Debug|Any CPU.ActiveCfg = Debug|Any CPU
		{F8979668-7086-44BA-86DC-27841458C3FA}.Debug|Any CPU.Build.0 = Debug|Any CPU
		{F8979668-7086-44BA-86DC-27841458C3FA}.Release|Any CPU.ActiveCfg = Release|Any CPU
		{F8979668-7086-44BA-86DC-27841458C3FA}.Release|Any CPU.Build.0 = Release|Any CPU
		{7998BF43-69F0-44D9-8721-0B6F08AC36C6}.Debug|Any CPU.ActiveCfg = Debug|Any CPU
		{7998BF43-69F0-44D9-8721-0B6F08AC36C6}.Debug|Any CPU.Build.0 = Debug|Any CPU
		{7998BF43-69F0-44D9-8721-0B6F08AC36C6}.Release|Any CPU.ActiveCfg = Release|Any CPU
		{7998BF43-69F0-44D9-8721-0B6F08AC36C6}.Release|Any CPU.Build.0 = Release|Any CPU
		{C59B179B-5B6D-4A4D-B10E-6681BC2B8DFC}.Debug|Any CPU.ActiveCfg = Debug|Any CPU
		{C59B179B-5B6D-4A4D-B10E-6681BC2B8DFC}.Debug|Any CPU.Build.0 = Debug|Any CPU
		{C59B179B-5B6D-4A4D-B10E-6681BC2B8DFC}.Release|Any CPU.ActiveCfg = Release|Any CPU
		{C59B179B-5B6D-4A4D-B10E-6681BC2B8DFC}.Release|Any CPU.Build.0 = Release|Any CPU
		{A431D676-E9DE-4D31-88ED-CFF53F8402E2}.Debug|Any CPU.ActiveCfg = Debug|Any CPU
		{A431D676-E9DE-4D31-88ED-CFF53F8402E2}.Debug|Any CPU.Build.0 = Debug|Any CPU
		{A431D676-E9DE-4D31-88ED-CFF53F8402E2}.Release|Any CPU.ActiveCfg = Release|Any CPU
		{A431D676-E9DE-4D31-88ED-CFF53F8402E2}.Release|Any CPU.Build.0 = Release|Any CPU
		{41EFEB0E-14E1-436B-8160-AC679048F0C5}.Debug|Any CPU.ActiveCfg = Debug|Any CPU
		{41EFEB0E-14E1-436B-8160-AC679048F0C5}.Debug|Any CPU.Build.0 = Debug|Any CPU
		{41EFEB0E-14E1-436B-8160-AC679048F0C5}.Release|Any CPU.ActiveCfg = Release|Any CPU
		{41EFEB0E-14E1-436B-8160-AC679048F0C5}.Release|Any CPU.Build.0 = Release|Any CPU
		{2E0CB66C-72DD-40C1-8DD1-0CAF9C73DBAA}.Debug|Any CPU.ActiveCfg = Debug|Any CPU
		{2E0CB66C-72DD-40C1-8DD1-0CAF9C73DBAA}.Debug|Any CPU.Build.0 = Debug|Any CPU
		{2E0CB66C-72DD-40C1-8DD1-0CAF9C73DBAA}.Release|Any CPU.ActiveCfg = Release|Any CPU
		{2E0CB66C-72DD-40C1-8DD1-0CAF9C73DBAA}.Release|Any CPU.Build.0 = Release|Any CPU
		{143D41B9-0EA2-40C5-813C-978DA6A2579D}.Debug|Any CPU.ActiveCfg = Debug|Any CPU
		{143D41B9-0EA2-40C5-813C-978DA6A2579D}.Debug|Any CPU.Build.0 = Debug|Any CPU
		{143D41B9-0EA2-40C5-813C-978DA6A2579D}.Release|Any CPU.ActiveCfg = Release|Any CPU
		{143D41B9-0EA2-40C5-813C-978DA6A2579D}.Release|Any CPU.Build.0 = Release|Any CPU
		{F0AE737F-F4C1-4732-B402-FE32D3C4650B}.Debug|Any CPU.ActiveCfg = Debug|Any CPU
		{F0AE737F-F4C1-4732-B402-FE32D3C4650B}.Debug|Any CPU.Build.0 = Debug|Any CPU
		{F0AE737F-F4C1-4732-B402-FE32D3C4650B}.Release|Any CPU.ActiveCfg = Release|Any CPU
		{F0AE737F-F4C1-4732-B402-FE32D3C4650B}.Release|Any CPU.Build.0 = Release|Any CPU
		{43B3AE95-CF8D-4DF9-9CB1-A408E2027106}.Debug|Any CPU.ActiveCfg = Debug|Any CPU
		{43B3AE95-CF8D-4DF9-9CB1-A408E2027106}.Debug|Any CPU.Build.0 = Debug|Any CPU
		{43B3AE95-CF8D-4DF9-9CB1-A408E2027106}.Release|Any CPU.ActiveCfg = Release|Any CPU
		{43B3AE95-CF8D-4DF9-9CB1-A408E2027106}.Release|Any CPU.Build.0 = Release|Any CPU
		{0A1AACB2-0128-4FA7-B1CD-3AFA38761289}.Debug|Any CPU.ActiveCfg = Debug|Any CPU
		{0A1AACB2-0128-4FA7-B1CD-3AFA38761289}.Debug|Any CPU.Build.0 = Debug|Any CPU
		{0A1AACB2-0128-4FA7-B1CD-3AFA38761289}.Release|Any CPU.ActiveCfg = Release|Any CPU
		{0A1AACB2-0128-4FA7-B1CD-3AFA38761289}.Release|Any CPU.Build.0 = Release|Any CPU
		{6D40D5D8-7185-4847-893F-6632E2CA1F37}.Debug|Any CPU.ActiveCfg = Debug|Any CPU
		{6D40D5D8-7185-4847-893F-6632E2CA1F37}.Debug|Any CPU.Build.0 = Debug|Any CPU
		{6D40D5D8-7185-4847-893F-6632E2CA1F37}.Release|Any CPU.ActiveCfg = Release|Any CPU
		{6D40D5D8-7185-4847-893F-6632E2CA1F37}.Release|Any CPU.Build.0 = Release|Any CPU
		{8A507446-FC81-48D9-BEED-3009816CF1C5}.Debug|Any CPU.ActiveCfg = Debug|Any CPU
		{8A507446-FC81-48D9-BEED-3009816CF1C5}.Debug|Any CPU.Build.0 = Debug|Any CPU
		{8A507446-FC81-48D9-BEED-3009816CF1C5}.Release|Any CPU.ActiveCfg = Release|Any CPU
		{8A507446-FC81-48D9-BEED-3009816CF1C5}.Release|Any CPU.Build.0 = Release|Any CPU
	EndGlobalSection
	GlobalSection(SolutionProperties) = preSolution
		HideSolutionNode = FALSE
	EndGlobalSection
	GlobalSection(NestedProjects) = preSolution
		{5B897DF9-AF47-4560-8330-10382ECC52D5} = {02EA681E-C7D8-13C7-8484-4AC65E1B71E8}
		{93E40236-0281-451B-BDCD-7C02A4A5B6B9} = {02EA681E-C7D8-13C7-8484-4AC65E1B71E8}
		{D68ED1E4-F25A-4B6B-B163-0BAF42BC4C03} = {02EA681E-C7D8-13C7-8484-4AC65E1B71E8}
		{EBBF21DB-A28B-4035-BD37-8F822651DAD1} = {96882270-9A56-4A9E-AF41-BEA41C650F6E}
		{3DAF4ED7-69AA-46FA-ABB9-82B39270B947} = {96882270-9A56-4A9E-AF41-BEA41C650F6E}
		{404D19F2-932D-4F4E-9193-2CC82CBD375F} = {96882270-9A56-4A9E-AF41-BEA41C650F6E}
		{0DEA169A-3763-470C-B27E-38E6B8BFC976} = {0FC5BA00-99CB-4E3C-A186-C82092EFD2FA}
		{2D1621CE-58AF-4051-BE25-15BED4951148} = {0FC5BA00-99CB-4E3C-A186-C82092EFD2FA}
		{7685BDB1-51FD-47A2-9110-DD1A1527E49E} = {0FC5BA00-99CB-4E3C-A186-C82092EFD2FA}
		{F8979668-7086-44BA-86DC-27841458C3FA} = {B04A1219-19E8-4C64-BA53-9FAC72EDB313}
		{7998BF43-69F0-44D9-8721-0B6F08AC36C6} = {B04A1219-19E8-4C64-BA53-9FAC72EDB313}
		{C59B179B-5B6D-4A4D-B10E-6681BC2B8DFC} = {B04A1219-19E8-4C64-BA53-9FAC72EDB313}
		{A431D676-E9DE-4D31-88ED-CFF53F8402E2} = {83C8CFB9-A9CB-439A-8BE7-3DFD269051D8}
		{41EFEB0E-14E1-436B-8160-AC679048F0C5} = {83C8CFB9-A9CB-439A-8BE7-3DFD269051D8}
		{2E0CB66C-72DD-40C1-8DD1-0CAF9C73DBAA} = {83C8CFB9-A9CB-439A-8BE7-3DFD269051D8}
		{143D41B9-0EA2-40C5-813C-978DA6A2579D} = {1F928340-240C-424F-A7C9-77321AA38B83}
		{F0AE737F-F4C1-4732-B402-FE32D3C4650B} = {1F928340-240C-424F-A7C9-77321AA38B83}
		{43B3AE95-CF8D-4DF9-9CB1-A408E2027106} = {1F928340-240C-424F-A7C9-77321AA38B83}
		{0A1AACB2-0128-4FA7-B1CD-3AFA38761289} = {9488D3A2-AAB6-408C-B431-5D33DDB98AD8}
		{6D40D5D8-7185-4847-893F-6632E2CA1F37} = {9488D3A2-AAB6-408C-B431-5D33DDB98AD8}
		{8A507446-FC81-48D9-BEED-3009816CF1C5} = {9488D3A2-AAB6-408C-B431-5D33DDB98AD8}
	EndGlobalSection
	GlobalSection(ExtensibilityGlobals) = postSolution
		SolutionGuid = {41AFC69E-CEC4-4D75-86FB-73ED0008F78E}
	EndGlobalSection
EndGlobal
